
Microsoft Visual Studio Solution File, Format Version 12.00
# Visual Studio Version 16
VisualStudioVersion = 16.0.32510.428
MinimumVisualStudioVersion = 10.0.40219.1
Project("{FAE04EC0-301F-11D3-BF4B-00C04F79EFBC}") = "bindshell", "bindshell\bindshell.csproj", "{9A7C85C2-9E27-4265-AAD6-8D1C4D383CD9}"
EndProject
Global
	GlobalSection(SolutionConfigurationPlatforms) = preSolution
		Debug|Any CPU = Debug|Any CPU
		Release|Any CPU = Release|Any CPU
	EndGlobalSection
	GlobalSection(ProjectConfigurationPlatforms) = postSolution
		{9A7C85C2-9E27-4265-AAD6-8D1C4D383CD9}.Debug|Any CPU.ActiveCfg = Debug|Any CPU
		{9A7C85C2-9E27-4265-AAD6-8D1C4D383CD9}.Debug|Any CPU.Build.0 = Debug|Any CPU
		{9A7C85C2-9E27-4265-AAD6-8D1C4D383CD9}.Release|Any CPU.ActiveCfg = Release|Any CPU
		{9A7C85C2-9E27-4265-AAD6-8D1C4D383CD9}.Release|Any CPU.Build.0 = Release|Any CPU
	EndGlobalSection
	GlobalSection(SolutionProperties) = preSolution
		HideSolutionNode = FALSE
	EndGlobalSection
	GlobalSection(ExtensibilityGlobals) = postSolution
		SolutionGuid = {AD22F996-0B38-493B-AD51-0742786255C6}
	EndGlobalSection
EndGlobal
